
Microsoft Visual Studio Solution File, Format Version 12.00
# Visual Studio Version 16
VisualStudioVersion = 16.0.31205.134
MinimumVisualStudioVersion = 10.0.40219.1
Project("{8BC9CEB8-8B4A-11D0-8D11-00A0C91BC942}") = "HelloCV", "HelloCV\HelloCV.vcxproj", "{15DA14AD-A9AE-466A-9F73-3954BA9AB40B}"
EndProject
Global
	GlobalSection(SolutionConfigurationPlatforms) = preSolution
		Debug|x64 = Debug|x64
		Debug|x86 = Debug|x86
		Release|x64 = Release|x64
		Release|x86 = Release|x86
	EndGlobalSection
	GlobalSection(ProjectConfigurationPlatforms) = postSolution
		{15DA14AD-A9AE-466A-9F73-3954BA9AB40B}.Debug|x64.ActiveCfg = Debug|x64
		{15DA14AD-A9AE-466A-9F73-3954BA9AB40B}.Debug|x64.Build.0 = Debug|x64
		{15DA14AD-A9AE-466A-9F73-3954BA9AB40B}.Debug|x86.ActiveCfg = Debug|Win32
		{15DA14AD-A9AE-466A-9F73-3954BA9AB40B}.Debug|x86.Build.0 = Debug|Win32
		{15DA14AD-A9AE-466A-9F73-3954BA9AB40B}.Release|x64.ActiveCfg = Release|x64
		{15DA14AD-A9AE-466A-9F73-3954BA9AB40B}.Release|x64.Build.0 = Release|x64
		{15DA14AD-A9AE-466A-9F73-3954BA9AB40B}.Release|x86.ActiveCfg = Release|Win32
		{15DA14AD-A9AE-466A-9F73-3954BA9AB40B}.Release|x86.Build.0 = Release|Win32
	EndGlobalSection
	GlobalSection(SolutionProperties) = preSolution
		HideSolutionNode = FALSE
	EndGlobalSection
	GlobalSection(ExtensibilityGlobals) = postSolution
		SolutionGuid = {CE531885-5F52-4AD2-BCDF-14D9A3DC8027}
	EndGlobalSection
EndGlobal
